
Microsoft Visual Studio Solution File, Format Version 12.00
# Visual Studio Version 17
VisualStudioVersion = 17.7.34221.43
MinimumVisualStudioVersion = 10.0.40219.1
Project("{FAE04EC0-301F-11D3-BF4B-00C04F79EFBC}") = "DemoAPI", "DemoAPI\DemoAPI.csproj", "{C6678FC1-A9C6-479C-9881-3E3025B505C7}"
EndProject
Global
	GlobalSection(SolutionConfigurationPlatforms) = preSolution
		Debug|Any CPU = Debug|Any CPU
		Release|Any CPU = Release|Any CPU
	EndGlobalSection
	GlobalSection(ProjectConfigurationPlatforms) = postSolution
		{C6678FC1-A9C6-479C-9881-3E3025B505C7}.Debug|Any CPU.ActiveCfg = Debug|Any CPU
		{C6678FC1-A9C6-479C-9881-3E3025B505C7}.Debug|Any CPU.Build.0 = Debug|Any CPU
		{C6678FC1-A9C6-479C-9881-3E3025B505C7}.Release|Any CPU.ActiveCfg = Release|Any CPU
		{C6678FC1-A9C6-479C-9881-3E3025B505C7}.Release|Any CPU.Build.0 = Release|Any CPU
	EndGlobalSection
	GlobalSection(SolutionProperties) = preSolution
		HideSolutionNode = FALSE
	EndGlobalSection
	GlobalSection(ExtensibilityGlobals) = postSolution
		SolutionGuid = {701BC1D1-A863-4822-987B-5CAA25FFFA00}
	EndGlobalSection
EndGlobal
